{
  "name": "scratch-2026-10-09-b71ad3",
  "version": "1.0.0",
  "lockfileVersion": 3,
  "requires": true,
  "packages": {
    "": {
      "name": "scratch-2026-10-09-b71ad3",
      "version": "1.0.0",
      "license": "ISC",
      "dependencies": {
        "@fontsource/familjen-grotesk": "^5.3.0",
        "@fontsource/hanken-grotesk": "^5.3.0",
        "@fontsource/instrument-serif": "^5.3.0",
        "@fontsource/unbounded": "^5.3.0",
        "gsap": "^3.15.0",
        "lenis": "^1.3.26",
        "playwright-core": "^1.64.0",
        "pngjs": "^7.0.0"
      }
    },
    "node_modules/@fontsource/familjen-grotesk": {
      "version": "5.3.0",
      "resolved": "https://registry.npmjs.org/@fontsource/familjen-grotesk/-/familjen-grotesk-5.3.0.tgz",
      "integrity": "sha512-Kh6DXwAtw+kyvCSpiOI3wss/LvOJtJJRl9NTf9YpYpmcpsZ5BGQLTF9nVm9TUmnpLTe4z3iyAcvnLfsQgQR0lg==",
      "license": "OFL-1.1",
      "funding": {
        "url": "https://github.com/sponsors/ayuhito"
      }
    },
    "node_modules/@fontsource/hanken-grotesk": {
      "version": "5.3.0",
      "resolved": "https://registry.npmjs.org/@fontsource/hanken-grotesk/-/hanken-grotesk-5.3.0.tgz",
      "integrity": "sha512-eiqAvcMT88tCMCBzn6qKgMHGLJKq3NEXO3+0y9JXqzyty2U6KZnaGtbfiQgzRAXfwFp559hJQ0zBgJ6d89AuTA==",
      "license": "OFL-1.1",
      "funding": {
        "url": "https://github.com/sponsors/ayuhito"
      }
    },
    "node_modules/@fontsource/instrument-serif": {
      "version": "5.3.0",
      "resolved": "https://registry.npmjs.org/@fontsource/instrument-serif/-/instrument-serif-5.3.0.tgz",
      "integrity": "sha512-mDiaIg0u67sYV59fie92Wz4sM8UiVlbL7fLxnFPCKkX15DMASEnQTREbaP5S5/3DCcsoAOcQ0sV9E4AeY4QqYQ==",
      "license": "OFL-1.1",
      "funding": {
        "url": "https://github.com/sponsors/ayuhito"
      }
    },
    "node_modules/@fontsource/unbounded": {
      "version": "5.3.0",
      "resolved": "https://registry.npmjs.org/@fontsource/unbounded/-/unbounded-5.3.0.tgz",
      "integrity": "sha512-pPD6hsTnjoQRr6pCsqMHbHBfauB4LZygCNQEUJHu+CO2wzDFHqELEFSG7sTwo5Z5Gr4q3OK0fIILOXBJDv6lcw==",
      "license": "OFL-1.1",
      "funding": {
        "url": "https://github.com/sponsors/ayuhito"
      }
    },
    "node_modules/gsap": {
      "version": "3.15.0",
      "resolved": "https://registry.npmjs.org/gsap/-/gsap-3.15.0.tgz",
      "integrity": "sha512-dMW4CWBTUK1AEEDeZc1g4xpPGIrSf9fJF960qbTZmN/QwZIWY5wgliS6JWl9/25fpTGJrMRtSjGtOmPnfjZB+A==",
      "license": "Standard 'no charge' license: https://gsap.com/standard-license."
    },
    "node_modules/lenis": {
      "version": "1.3.26",
      "resolved": "https://registry.npmjs.org/lenis/-/lenis-1.3.26.tgz",
      "integrity": "sha512-s/xTCZCxTFvHbAN1OzuhNaN5YPJH2ail0XAkctKW1b+RUAG4nUL5UHLXwNko1h8aEeT2jspBXegMgPJd8zcuag==",
      "license": "MIT",
      "workspaces": [
        "packages/*",
        "playground",
        "playground/*"
      ],
      "funding": {
        "type": "github",
        "url": "https://github.com/sponsors/darkroomengineering"
      },
      "peerDependencies": {
        "@nuxt/kit": ">=3.0.0",
        "react": ">=17.0.0",
        "vue": ">=3.0.0"
      },
      "peerDependenciesMeta": {
        "@nuxt/kit": {
          "optional": true
        },
        "react": {
          "optional": true
        },
        "vue": {
          "optional": true
        }
      }
    },
    "node_modules/playwright-core": {
      "version": "1.64.0",
      "resolved": "https://registry.npmjs.org/playwright-core/-/playwright-core-1.64.0.tgz",
      "integrity": "sha512-T9r+MZkTECl2+oUcZ26YgZzTrYidTsIhYYkJix+6iDOymOb1FB2RLLSOxRGnZGv5DStt+aduIVbt+E8WygXYpg==",
      "license": "Apache-2.0",
      "bin": {
        "playwright-core": "cli.js"
      },
      "engines": {
        "node": ">=20"
      }
    },
    "node_modules/pngjs": {
      "version": "7.0.0",
      "resolved": "https://registry.npmjs.org/pngjs/-/pngjs-7.0.0.tgz",
      "integrity": "sha512-LKWqWJRhstyYo9pGvgor/ivk2w94eSjE3RGVuzLGlr3NmD8bf7RcYGze1mNdEHRP6TRP6rMuDHk5t44hnTRyow==",
      "license": "MIT",
      "engines": {
        "node": ">=14.19.0"
      }
    }
  }
}
